
Microsoft Visual Studio Solution File, Format Version 12.00
# Visual Studio Version 16
VisualStudioVersion = 16.0.30014.187
MinimumVisualStudioVersion = 15.0.26124.0
Project("{9A19103F-16F7-4668-BE54-9A1E7A4F7556}") = "TodoList.Application", "TodoList.Application\TodoList.Application.csproj", "{C0B13F0C-504B-4E8C-8107-8416AA13B4A2}"
EndProject
Project("{9A19103F-16F7-4668-BE54-9A1E7A4F7556}") = "TodoList.Infrastructure", "TodoList.Infrastructure\TodoList.Infrastructure.csproj", "{2E3237FB-B88A-45EC-A872-6B7E404802B9}"
EndProject
Project("{9A19103F-16F7-4668-BE54-9A1E7A4F7556}") = "TodoList.Api", "TodoList.Api\TodoList.Api.csproj", "{ABDBA426-F8DA-4D6A-B25F-224A019A9A05}"
EndProject
Global
	GlobalSection(SolutionConfigurationPlatforms) = preSolution
		Debug|Any CPU = Debug|Any CPU
		Debug|x64 = Debug|x64
		Debug|x86 = Debug|x86
		Release|Any CPU = Release|Any CPU
		Release|x64 = Release|x64
		Release|x86 = Release|x86
	EndGlobalSection
	GlobalSection(ProjectConfigurationPlatforms) = postSolution
		{C0B13F0C-504B-4E8C-8107-8416AA13B4A2}.Debug|Any CPU.ActiveCfg = Debug|Any CPU
		{C0B13F0C-504B-4E8C-8107-8416AA13B4A2}.Debug|Any CPU.Build.0 = Debug|Any CPU
		{C0B13F0C-504B-4E8C-8107-8416AA13B4A2}.Debug|x64.ActiveCfg = Debug|Any CPU
		{C0B13F0C-504B-4E8C-8107-8416AA13B4A2}.Debug|x64.Build.0 = Debug|Any CPU
		{C0B13F0C-504B-4E8C-8107-8416AA13B4A2}.Debug|x86.ActiveCfg = Debug|Any CPU
		{C0B13F0C-504B-4E8C-8107-8416AA13B4A2}.Debug|x86.Build.0 = Debug|Any CPU
		{C0B13F0C-504B-4E8C-8107-8416AA13B4A2}.Release|Any CPU.ActiveCfg = Release|Any CPU
		{C0B13F0C-504B-4E8C-8107-8416AA13B4A2}.Release|Any CPU.Build.0 = Release|Any CPU
		{C0B13F0C-504B-4E8C-8107-8416AA13B4A2}.Release|x64.ActiveCfg = Release|Any CPU
		{C0B13F0C-504B-4E8C-8107-8416AA13B4A2}.Release|x64.Build.0 = Release|Any CPU
		{C0B13F0C-504B-4E8C-8107-8416AA13B4A2}.Release|x86.ActiveCfg = Release|Any CPU
		{C0B13F0C-504B-4E8C-8107-8416AA13B4A2}.Release|x86.Build.0 = Release|Any CPU
		{2E3237FB-B88A-45EC-A872-6B7E404802B9}.Debug|Any CPU.ActiveCfg = Debug|Any CPU
		{2E3237FB-B88A-45EC-A872-6B7E404802B9}.Debug|Any CPU.Build.0 = Debug|Any CPU
		{2E3237FB-B88A-45EC-A872-6B7E404802B9}.Debug|x64.ActiveCfg = Debug|Any CPU
		{2E3237FB-B88A-45EC-A872-6B7E404802B9}.Debug|x64.Build.0 = Debug|Any CPU
		{2E3237FB-B88A-45EC-A872-6B7E404802B9}.Debug|x86.ActiveCfg = Debug|Any CPU
		{2E3237FB-B88A-45EC-A872-6B7E404802B9}.Debug|x86.Build.0 = Debug|Any CPU
		{2E3237FB-B88A-45EC-A872-6B7E404802B9}.Release|Any CPU.ActiveCfg = Release|Any CPU
		{2E3237FB-B88A-45EC-A872-6B7E404802B9}.Release|Any CPU.Build.0 = Release|Any CPU
		{2E3237FB-B88A-45EC-A872-6B7E404802B9}.Release|x64.ActiveCfg = Release|Any CPU
		{2E3237FB-B88A-45EC-A872-6B7E404802B9}.Release|x64.Build.0 = Release|Any CPU
		{2E3237FB-B88A-45EC-A872-6B7E404802B9}.Release|x86.ActiveCfg = Release|Any CPU
		{2E3237FB-B88A-45EC-A872-6B7E404802B9}.Release|x86.Build.0 = Release|Any CPU
		{ABDBA426-F8DA-4D6A-B25F-224A019A9A05}.Debug|Any CPU.ActiveCfg = Debug|Any CPU
		{ABDBA426-F8DA-4D6A-B25F-224A019A9A05}.Debug|Any CPU.Build.0 = Debug|Any CPU
		{ABDBA426-F8DA-4D6A-B25F-224A019A9A05}.Debug|x64.ActiveCfg = Debug|Any CPU
		{ABDBA426-F8DA-4D6A-B25F-224A019A9A05}.Debug|x64.Build.0 = Debug|Any CPU
		{ABDBA426-F8DA-4D6A-B25F-224A019A9A05}.Debug|x86.ActiveCfg = Debug|Any CPU
		{ABDBA426-F8DA-4D6A-B25F-224A019A9A05}.Debug|x86.Build.0 = Debug|Any CPU
		{ABDBA426-F8DA-4D6A-B25F-224A019A9A05}.Release|Any CPU.ActiveCfg = Release|Any CPU
		{ABDBA426-F8DA-4D6A-B25F-224A019A9A05}.Release|Any CPU.Build.0 = Release|Any CPU
		{ABDBA426-F8DA-4D6A-B25F-224A019A9A05}.Release|x64.ActiveCfg = Release|Any CPU
		{ABDBA426-F8DA-4D6A-B25F-224A019A9A05}.Release|x64.Build.0 = Release|Any CPU
		{ABDBA426-F8DA-4D6A-B25F-224A019A9A05}.Release|x86.ActiveCfg = Release|Any CPU
		{ABDBA426-F8DA-4D6A-B25F-224A019A9A05}.Release|x86.Build.0 = Release|Any CPU
	EndGlobalSection
	GlobalSection(SolutionProperties) = preSolution
		HideSolutionNode = FALSE
	EndGlobalSection
	GlobalSection(ExtensibilityGlobals) = postSolution
		SolutionGuid = {A24145DC-2327-4B72-9D9D-4A027C59201B}
	EndGlobalSection
EndGlobal
